
Microsoft Visual Studio Solution File, Format Version 12.00
# Visual Studio Version 17
VisualStudioVersion = 17.0.31903.59
MinimumVisualStudioVersion = 10.0.40219.1
Project("{9A19103F-16F7-4668-BE54-9A1E7A4F7556}") = "AspNetCore.Auth", "AspNetCore.Auth\AspNetCore.Auth.csproj", "{36A807FB-8C87-4A71-9E77-92DD11C3796D}"
EndProject
Project("{E53339B2-1760-4266-BCC7-CA923CBCF16C}") = "docker-compose", "docker-compose.dcproj", "{4D68A09A-E6A5-42C2-8A55-68BAC3777F1A}"
EndProject
Global
	GlobalSection(SolutionConfigurationPlatforms) = preSolution
		Debug|Any CPU = Debug|Any CPU
		Release|Any CPU = Release|Any CPU
	EndGlobalSection
	GlobalSection(ProjectConfigurationPlatforms) = postSolution
		{36A807FB-8C87-4A71-9E77-92DD11C3796D}.Debug|Any CPU.ActiveCfg = Debug|Any CPU
		{36A807FB-8C87-4A71-9E77-92DD11C3796D}.Debug|Any CPU.Build.0 = Debug|Any CPU
		{36A807FB-8C87-4A71-9E77-92DD11C3796D}.Release|Any CPU.ActiveCfg = Release|Any CPU
		{36A807FB-8C87-4A71-9E77-92DD11C3796D}.Release|Any CPU.Build.0 = Release|Any CPU
		{4D68A09A-E6A5-42C2-8A55-68BAC3777F1A}.Debug|Any CPU.ActiveCfg = Debug|Any CPU
		{4D68A09A-E6A5-42C2-8A55-68BAC3777F1A}.Debug|Any CPU.Build.0 = Debug|Any CPU
		{4D68A09A-E6A5-42C2-8A55-68BAC3777F1A}.Release|Any CPU.ActiveCfg = Release|Any CPU
		{4D68A09A-E6A5-42C2-8A55-68BAC3777F1A}.Release|Any CPU.Build.0 = Release|Any CPU
	EndGlobalSection
	GlobalSection(SolutionProperties) = preSolution
		HideSolutionNode = FALSE
	EndGlobalSection
	GlobalSection(ExtensibilityGlobals) = postSolution
		SolutionGuid = {E1B48DBA-4EC9-44FD-8E74-638712EBE626}
	EndGlobalSection
EndGlobal
